
Microsoft Visual Studio Solution File, Format Version 12.00
# Visual Studio 15
VisualStudioVersion = 15.0.28307.329
MinimumVisualStudioVersion = 10.0.40219.1
Project("{FAE04EC0-301F-11D3-BF4B-00C04F79EFBC}") = "Radar", "Radar\Radar.csproj", "{690A3183-3775-42CB-B595-B5AAA7386EA3}"
EndProject
Global
	GlobalSection(SolutionConfigurationPlatforms) = preSolution
		Debug|Any CPU = Debug|Any CPU
		Release|Any CPU = Release|Any CPU
	EndGlobalSection
	GlobalSection(ProjectConfigurationPlatforms) = postSolution
		{690A3183-3775-42CB-B595-B5AAA7386EA3}.Debug|Any CPU.ActiveCfg = Debug|Any CPU
		{690A3183-3775-42CB-B595-B5AAA7386EA3}.Debug|Any CPU.Build.0 = Debug|Any CPU
		{690A3183-3775-42CB-B595-B5AAA7386EA3}.Release|Any CPU.ActiveCfg = Release|Any CPU
		{690A3183-3775-42CB-B595-B5AAA7386EA3}.Release|Any CPU.Build.0 = Release|Any CPU
	EndGlobalSection
	GlobalSection(SolutionProperties) = preSolution
		HideSolutionNode = FALSE
	EndGlobalSection
	GlobalSection(ExtensibilityGlobals) = postSolution
		SolutionGuid = {F2B87AA9-F6B9-47F8-8CBA-077B836ADE15}
	EndGlobalSection
EndGlobal
